
Microsoft Visual Studio Solution File, Format Version 12.00
# Visual Studio 15
VisualStudioVersion = 15.0.26730.16
MinimumVisualStudioVersion = 10.0.40219.1
Project("{8BC9CEB8-8B4A-11D0-8D11-00A0C91BC942}") = "Miniproject", "Miniproject\Miniproject.vcxproj", "{EBB770A5-5B3F-4C6A-B162-302D5D9D862C}"
EndProject
Global
	GlobalSection(SolutionConfigurationPlatforms) = preSolution
		Debug|x64 = Debug|x64
		Debug|x86 = Debug|x86
		Release|x64 = Release|x64
		Release|x86 = Release|x86
	EndGlobalSection
	GlobalSection(ProjectConfigurationPlatforms) = postSolution
		{EBB770A5-5B3F-4C6A-B162-302D5D9D862C}.Debug|x64.ActiveCfg = Debug|x64
		{EBB770A5-5B3F-4C6A-B162-302D5D9D862C}.Debug|x64.Build.0 = Debug|x64
		{EBB770A5-5B3F-4C6A-B162-302D5D9D862C}.Debug|x86.ActiveCfg = Debug|Win32
		{EBB770A5-5B3F-4C6A-B162-302D5D9D862C}.Debug|x86.Build.0 = Debug|Win32
		{EBB770A5-5B3F-4C6A-B162-302D5D9D862C}.Release|x64.ActiveCfg = Release|x64
		{EBB770A5-5B3F-4C6A-B162-302D5D9D862C}.Release|x64.Build.0 = Release|x64
		{EBB770A5-5B3F-4C6A-B162-302D5D9D862C}.Release|x86.ActiveCfg = Release|Win32
		{EBB770A5-5B3F-4C6A-B162-302D5D9D862C}.Release|x86.Build.0 = Release|Win32
	EndGlobalSection
	GlobalSection(SolutionProperties) = preSolution
		HideSolutionNode = FALSE
	EndGlobalSection
	GlobalSection(ExtensibilityGlobals) = postSolution
		SolutionGuid = {31828B04-8D05-4B46-BA54-718011809829}
	EndGlobalSection
EndGlobal
